
Microsoft Visual Studio Solution File, Format Version 12.00
# Visual Studio 15
VisualStudioVersion = 15.0.26730.16
MinimumVisualStudioVersion = 10.0.40219.1
Project("{FAE04EC0-301F-11D3-BF4B-00C04F79EFBC}") = "GUI.App", "GUI.App\GUI.App.csproj", "{0947E27C-CB7E-467B-91DE-4FE5CFF646CE}"
EndProject
Project("{FAE04EC0-301F-11D3-BF4B-00C04F79EFBC}") = "GUI.ContentDefinitions", "GUI.ContentDefinitions\GUI.ContentDefinitions.csproj", "{93FFF5B7-FE43-46D0-8CAA-14AF8ADA6E53}"
EndProject
Project("{FAE04EC0-301F-11D3-BF4B-00C04F79EFBC}") = "Proxima.Core", "Proxima.Core\Proxima.Core.csproj", "{AE7C5E5C-526C-4F20-BA32-427BF3C6A405}"
EndProject
Project("{FAE04EC0-301F-11D3-BF4B-00C04F79EFBC}") = "Proxima.Helpers", "Proxima.Helpers\Proxima.Helpers.csproj", "{E5515F32-EAEC-476D-A8AB-8EE93A84825C}"
EndProject
Project("{FAE04EC0-301F-11D3-BF4B-00C04F79EFBC}") = "ColorfulConsole", "ColorfulConsole\ColorfulConsole.csproj", "{F168016D-AE15-4472-8E18-F1B1150A4A3A}"
EndProject
Project("{FAE04EC0-301F-11D3-BF4B-00C04F79EFBC}") = "Proxima.MagicKeysGenerator", "Proxima.MagicKeysGenerator\Proxima.MagicKeysGenerator.csproj", "{5DABB56F-4D18-482B-930B-BA147509B305}"
EndProject
Global
	GlobalSection(Performance) = preSolution
		HasPerformanceSessions = true
	EndGlobalSection
	GlobalSection(SolutionConfigurationPlatforms) = preSolution
		Debug|Any CPU = Debug|Any CPU
		Release|Any CPU = Release|Any CPU
	EndGlobalSection
	GlobalSection(ProjectConfigurationPlatforms) = postSolution
		{0947E27C-CB7E-467B-91DE-4FE5CFF646CE}.Debug|Any CPU.ActiveCfg = Debug|Any CPU
		{0947E27C-CB7E-467B-91DE-4FE5CFF646CE}.Debug|Any CPU.Build.0 = Debug|Any CPU
		{0947E27C-CB7E-467B-91DE-4FE5CFF646CE}.Release|Any CPU.ActiveCfg = Release|Any CPU
		{0947E27C-CB7E-467B-91DE-4FE5CFF646CE}.Release|Any CPU.Build.0 = Release|Any CPU
		{93FFF5B7-FE43-46D0-8CAA-14AF8ADA6E53}.Debug|Any CPU.ActiveCfg = Debug|Any CPU
		{93FFF5B7-FE43-46D0-8CAA-14AF8ADA6E53}.Debug|Any CPU.Build.0 = Debug|Any CPU
		{93FFF5B7-FE43-46D0-8CAA-14AF8ADA6E53}.Release|Any CPU.ActiveCfg = Release|Any CPU
		{93FFF5B7-FE43-46D0-8CAA-14AF8ADA6E53}.Release|Any CPU.Build.0 = Release|Any CPU
		{AE7C5E5C-526C-4F20-BA32-427BF3C6A405}.Debug|Any CPU.ActiveCfg = Debug|Any CPU
		{AE7C5E5C-526C-4F20-BA32-427BF3C6A405}.Debug|Any CPU.Build.0 = Debug|Any CPU
		{AE7C5E5C-526C-4F20-BA32-427BF3C6A405}.Release|Any CPU.ActiveCfg = Release|Any CPU
		{AE7C5E5C-526C-4F20-BA32-427BF3C6A405}.Release|Any CPU.Build.0 = Release|Any CPU
		{E5515F32-EAEC-476D-A8AB-8EE93A84825C}.Debug|Any CPU.ActiveCfg = Debug|Any CPU
		{E5515F32-EAEC-476D-A8AB-8EE93A84825C}.Debug|Any CPU.Build.0 = Debug|Any CPU
		{E5515F32-EAEC-476D-A8AB-8EE93A84825C}.Release|Any CPU.ActiveCfg = Release|Any CPU
		{E5515F32-EAEC-476D-A8AB-8EE93A84825C}.Release|Any CPU.Build.0 = Release|Any CPU
		{F168016D-AE15-4472-8E18-F1B1150A4A3A}.Debug|Any CPU.ActiveCfg = Debug|Any CPU
		{F168016D-AE15-4472-8E18-F1B1150A4A3A}.Debug|Any CPU.Build.0 = Debug|Any CPU
		{F168016D-AE15-4472-8E18-F1B1150A4A3A}.Release|Any CPU.ActiveCfg = Release|Any CPU
		{F168016D-AE15-4472-8E18-F1B1150A4A3A}.Release|Any CPU.Build.0 = Release|Any CPU
		{5DABB56F-4D18-482B-930B-BA147509B305}.Debug|Any CPU.ActiveCfg = Debug|Any CPU
		{5DABB56F-4D18-482B-930B-BA147509B305}.Debug|Any CPU.Build.0 = Debug|Any CPU
		{5DABB56F-4D18-482B-930B-BA147509B305}.Release|Any CPU.ActiveCfg = Release|Any CPU
		{5DABB56F-4D18-482B-930B-BA147509B305}.Release|Any CPU.Build.0 = Release|Any CPU
	EndGlobalSection
	GlobalSection(SolutionProperties) = preSolution
		HideSolutionNode = FALSE
	EndGlobalSection
	GlobalSection(ExtensibilityGlobals) = postSolution
		SolutionGuid = {E7211EE0-C0CC-48C9-84E9-8A4BD61205D6}
	EndGlobalSection
	GlobalSection(Performance) = preSolution
		HasPerformanceSessions = true
	EndGlobalSection
	GlobalSection(Performance) = preSolution
		HasPerformanceSessions = true
	EndGlobalSection
	GlobalSection(Performance) = preSolution
		HasPerformanceSessions = true
	EndGlobalSection
EndGlobal
